
Microsoft Visual Studio Solution File, Format Version 12.00
# Visual Studio 15
VisualStudioVersion = 15.0.27004.2002
MinimumVisualStudioVersion = 10.0.40219.1
Project("{8BC9CEB8-8B4A-11D0-8D11-00A0C91BC942}") = "OpenGLRadiosityRenderer", "OpenGLRadiosityRenderer\OpenGLRadiosityRenderer.vcxproj", "{05D649F2-AF94-47F4-B8E0-E6BCE6AD13CB}"
EndProject
Global
	GlobalSection(SolutionConfigurationPlatforms) = preSolution
		Debug|x64 = Debug|x64
		Debug|x86 = Debug|x86
		Release|x64 = Release|x64
		Release|x86 = Release|x86
	EndGlobalSection
	GlobalSection(ProjectConfigurationPlatforms) = postSolution
		{05D649F2-AF94-47F4-B8E0-E6BCE6AD13CB}.Debug|x64.ActiveCfg = Debug|x64
		{05D649F2-AF94-47F4-B8E0-E6BCE6AD13CB}.Debug|x64.Build.0 = Debug|x64
		{05D649F2-AF94-47F4-B8E0-E6BCE6AD13CB}.Debug|x86.ActiveCfg = Debug|Win32
		{05D649F2-AF94-47F4-B8E0-E6BCE6AD13CB}.Debug|x86.Build.0 = Debug|Win32
		{05D649F2-AF94-47F4-B8E0-E6BCE6AD13CB}.Release|x64.ActiveCfg = Release|x64
		{05D649F2-AF94-47F4-B8E0-E6BCE6AD13CB}.Release|x64.Build.0 = Release|x64
		{05D649F2-AF94-47F4-B8E0-E6BCE6AD13CB}.Release|x86.ActiveCfg = Release|Win32
		{05D649F2-AF94-47F4-B8E0-E6BCE6AD13CB}.Release|x86.Build.0 = Release|Win32
	EndGlobalSection
	GlobalSection(SolutionProperties) = preSolution
		HideSolutionNode = FALSE
	EndGlobalSection
	GlobalSection(ExtensibilityGlobals) = postSolution
		SolutionGuid = {6F6B9DF5-4BD1-4101-AED8-4D09DB7E63E8}
	EndGlobalSection
EndGlobal
